
Microsoft Visual Studio Solution File, Format Version 12.00
# Blend for Visual Studio Version 17
VisualStudioVersion = 17.6.33801.468
MinimumVisualStudioVersion = 10.0.40219.1
Project("{F184B08F-C81C-45F6-A57F-5ABD9991F28F}") = "XAMLPlugin", "XAMLPlugin\XAMLPlugin.vbproj", "{EFBE36F2-480F-41F3-A335-41D7B6018E23}"
EndProject
Global
	GlobalSection(SolutionConfigurationPlatforms) = preSolution
		Debug|Any CPU = Debug|Any CPU
		Release|Any CPU = Release|Any CPU
	EndGlobalSection
	GlobalSection(ProjectConfigurationPlatforms) = postSolution
		{EFBE36F2-480F-41F3-A335-41D7B6018E23}.Debug|Any CPU.ActiveCfg = Debug|Any CPU
		{EFBE36F2-480F-41F3-A335-41D7B6018E23}.Debug|Any CPU.Build.0 = Debug|Any CPU
		{EFBE36F2-480F-41F3-A335-41D7B6018E23}.Release|Any CPU.ActiveCfg = Release|Any CPU
		{EFBE36F2-480F-41F3-A335-41D7B6018E23}.Release|Any CPU.Build.0 = Release|Any CPU
	EndGlobalSection
	GlobalSection(SolutionProperties) = preSolution
		HideSolutionNode = FALSE
	EndGlobalSection
	GlobalSection(ExtensibilityGlobals) = postSolution
		SolutionGuid = {FA5FD1FE-EFEC-4AFC-B33B-F58500D3F311}
	EndGlobalSection
EndGlobal
